{
  "name": "personal-site",
  "version": "1.0.0",
  "lockfileVersion": 1,
  "requires": true,
  "dependencies": {
    "pts": {
      "version": "0.6.7",
      "resolved": "https://registry.npmjs.org/pts/-/pts-0.6.7.tgz",
      "integrity": "sha512-T8yny+1mXUucy0wTs1f5lNdE948g58MUF9xXg29xPXjlES8U5RrFe8WexiLD++uHR8F3F0+aRqUGhIPskxw4Ew=="
    }
  }
}
