{
  "requires": true,
  "lockfileVersion": 1,
  "dependencies": {
    "typer-js": {
      "version": "5.0.1",
      "resolved": "https://registry.npmjs.org/typer-js/-/typer-js-5.0.1.tgz",
      "integrity": "sha512-1NHEfEJOY7t6F7q6ZtPwPn6ViirTJjhv8h7IUFQxF5SqLAFFiSVmQi+Bv2vaT4dwj9sOR6WtkOTZOFNBXSfkaQ=="
    }
  }
}
